prefixes:
  cellular: cellular
packages:
  cellular:
    url: github.com/toitware/cellular
    version: 1.2.3
    hash: a102e0d0f271619b2c6a55f168c35d1a8e3a6b99
    prefixes:
      gnss_location: toit-gnss-location
  toit-gnss-location:
    url: github.com/toitware/toit-gnss-location
    version: 1.0.2
    hash: e9457f50c5260f9451e823a39d435e3655125bb0
    prefixes:
      location: toit-location
  toit-location:
    url: github.com/toitware/toit-location
    version: 1.0.0
    hash: 080665c10587c1ef82e26b993dda7fa560cf2075
