prefixes:
  cellular: cellular
  http: pkg-http
  sequans_cellular: ..
packages:
  ..:
    path: ..
    prefixes:
      cellular: cellular
  cellular:
    url: github.com/toitware/cellular
    version: 1.1.1
    hash: b342dd62202c6291bbbdba45a26fb5779d16a0d3
    prefixes:
      gnss_location: toit-gnss-location
  pkg-http:
    url: github.com/toitlang/pkg-http
    version: 1.8.1
    hash: 8cedb36badde5c91a3ed38b9d0c2aaa1fc939524
  toit-gnss-location:
    url: github.com/toitware/toit-gnss-location
    version: 1.0.2
    hash: e9457f50c5260f9451e823a39d435e3655125bb0
    prefixes:
      location: toit-location
  toit-location:
    url: github.com/toitware/toit-location
    version: 1.0.0
    hash: 080665c10587c1ef82e26b993dda7fa560cf2075
